metadata:
  version: "1.0"
artifacts:
  - download_url: "https://github.com/mikefarah/yq/releases/download/v4.45.1/yq_linux_amd64"
    checksum: "sha256:654d2943ca1d3be2024089eb4f270f4070f491a0610481d128509b2834870049"
    filename: "yq_x86_64"
  - download_url: "https://github.com/mikefarah/yq/releases/download/v4.45.1/yq_linux_arm64"
    checksum: "sha256:ceea73d4c86f2e5c91926ee0639157121f5360da42beeb8357783d79c2cc6a1d"
    filename: "yq_aarch64"
  - download_url: "https://github.com/mikefarah/yq/releases/download/v4.45.1/yq_linux_ppc64le"
    checksum: "sha256:fd613a15f31105865aad2a40297c3030495d37927f184d4bd1d6cb6f5965e5e3"
    filename: "yq_ppc64le"
  - download_url: "https://github.com/mikefarah/yq/releases/download/v4.45.1/yq_linux_s390x"
    checksum: "sha256:fedc0f5e5bb08cf1a7b9e509dac5c5cce4e92100de5eee28b488c5567627778b"
    filename: "yq_s390x"
