---
lockfileVersion: 1
lockfileVendor: redhat
arches:
- arch: aarch64
  packages:
  - url: https://cdn-ubi.redhat.com/content/public/ubi/dist/ubi8/8/aarch64/baseos/os/Packages/l/libsemanage-2.9-12.el8_10.aarch64.rpm
    repoid: ubi-8-baseos-rpms
    size: 168536
    checksum: sha256:e21457c375d2de563a674816108744baa2f0fc48adc0f399e09cc9a7d89797f6
    name: libsemanage
    evr: 2.9-12.el8_10
    sourcerpm: libsemanage-2.9-12.el8_10.src.rpm
  - url: https://cdn-ubi.redhat.com/content/public/ubi/dist/ubi8/8/aarch64/baseos/os/Packages/s/shadow-utils-4.6-23.el8_10.aarch64.rpm
    repoid: ubi-8-baseos-rpms
    size: 1272108
    checksum: sha256:4eb70bee470ee47520aae0acdc1f5547e2127e9f2eccde4b05ba8e9ee4782bae
    name: shadow-utils
    evr: 2:4.6-23.el8_10
    sourcerpm: shadow-utils-4.6-23.el8_10.src.rpm
  source: []
  module_metadata: []
- arch: ppc64le
  packages:
  - url: https://cdn-ubi.redhat.com/content/public/ubi/dist/ubi8/8/ppc64le/baseos/os/Packages/l/libsemanage-2.9-12.el8_10.ppc64le.rpm
    repoid: ubi-8-baseos-rpms
    size: 183976
    checksum: sha256:b2aa7387dad70bd25ea50a627240e242f9bc49960773213e1b9f7927e93f5dab
    name: libsemanage
    evr: 2.9-12.el8_10
    sourcerpm: libsemanage-2.9-12.el8_10.src.rpm
  - url: https://cdn-ubi.redhat.com/content/public/ubi/dist/ubi8/8/ppc64le/baseos/os/Packages/s/shadow-utils-4.6-23.el8_10.ppc64le.rpm
    repoid: ubi-8-baseos-rpms
    size: 1310152
    checksum: sha256:9b8fe8267ae9adb123c25d28a546e10e5377e657b6cc727b7e3117c4abee7845
    name: shadow-utils
    evr: 2:4.6-23.el8_10
    sourcerpm: shadow-utils-4.6-23.el8_10.src.rpm
  source: []
  module_metadata: []
- arch: s390x
  packages:
  - url: https://cdn-ubi.redhat.com/content/public/ubi/dist/ubi8/8/s390x/baseos/os/Packages/l/libsemanage-2.9-12.el8_10.s390x.rpm
    repoid: ubi-8-baseos-rpms
    size: 168384
    checksum: sha256:d1641c4dbad9359d04bcc0f6d06ce3d8335073c867d8de376d8120e9549ab67c
    name: libsemanage
    evr: 2.9-12.el8_10
    sourcerpm: libsemanage-2.9-12.el8_10.src.rpm
  - url: https://cdn-ubi.redhat.com/content/public/ubi/dist/ubi8/8/s390x/baseos/os/Packages/s/shadow-utils-4.6-23.el8_10.s390x.rpm
    repoid: ubi-8-baseos-rpms
    size: 1270700
    checksum: sha256:86f5d1c59319dbdc6872d94f0fb89f1fdfd6c8c4a942b540427e1e19e8244a34
    name: shadow-utils
    evr: 2:4.6-23.el8_10
    sourcerpm: shadow-utils-4.6-23.el8_10.src.rpm
  source: []
  module_metadata: []
- arch: x86_64
  packages:
  - url: https://cdn-ubi.redhat.com/content/public/ubi/dist/ubi8/8/x86_64/baseos/os/Packages/l/libsemanage-2.9-12.el8_10.x86_64.rpm
    repoid: ubi-8-baseos-rpms
    size: 173008
    checksum: sha256:70ba287f1cc36b1be6c197a3a754fbc1c37e6e6b6e1798c69b96f9174654c62d
    name: libsemanage
    evr: 2.9-12.el8_10
    sourcerpm: libsemanage-2.9-12.el8_10.src.rpm
  - url: https://cdn-ubi.redhat.com/content/public/ubi/dist/ubi8/8/x86_64/baseos/os/Packages/s/shadow-utils-4.6-23.el8_10.x86_64.rpm
    repoid: ubi-8-baseos-rpms
    size: 1292212
    checksum: sha256:14c51c9595e5af1b0949b230b03fd83becd05560f6e380a737436246d267b9a5
    name: shadow-utils
    evr: 2:4.6-23.el8_10
    sourcerpm: shadow-utils-4.6-23.el8_10.src.rpm
  source: []
  module_metadata: []
